
Microsoft Visual Studio Solution File, Format Version 12.00
# Visual Studio Version 17
VisualStudioVersion = 17.4.33103.184
MinimumVisualStudioVersion = 10.0.40219.1
Project("{FAE04EC0-301F-11D3-BF4B-00C04F79EFBC}") = "euler5", "euler5.csproj", "{6F728648-6F74-4BEC-B780-B0741B0E7EBE}"
EndProject
Global
	GlobalSection(SolutionConfigurationPlatforms) = preSolution
		Debug|Any CPU = Debug|Any CPU
		Release|Any CPU = Release|Any CPU
	EndGlobalSection
	GlobalSection(ProjectConfigurationPlatforms) = postSolution
		{6F728648-6F74-4BEC-B780-B0741B0E7EBE}.Debug|Any CPU.ActiveCfg = Debug|Any CPU
		{6F728648-6F74-4BEC-B780-B0741B0E7EBE}.Debug|Any CPU.Build.0 = Debug|Any CPU
		{6F728648-6F74-4BEC-B780-B0741B0E7EBE}.Release|Any CPU.ActiveCfg = Release|Any CPU
		{6F728648-6F74-4BEC-B780-B0741B0E7EBE}.Release|Any CPU.Build.0 = Release|Any CPU
	EndGlobalSection
	GlobalSection(SolutionProperties) = preSolution
		HideSolutionNode = FALSE
	EndGlobalSection
	GlobalSection(ExtensibilityGlobals) = postSolution
		SolutionGuid = {475D2AA1-392D-4AF2-B394-D44AA739A8A2}
	EndGlobalSection
EndGlobal
