
Microsoft Visual Studio Solution File, Format Version 12.00
# Visual Studio Version 17
VisualStudioVersion = 17.4.33103.184
MinimumVisualStudioVersion = 10.0.40219.1
Project("{FAE04EC0-301F-11D3-BF4B-00C04F79EFBC}") = "euler8", "euler8.csproj", "{FBC18D2F-88CD-4145-92A8-E5A4E3D087D3}"
EndProject
Global
	GlobalSection(SolutionConfigurationPlatforms) = preSolution
		Debug|Any CPU = Debug|Any CPU
		Release|Any CPU = Release|Any CPU
	EndGlobalSection
	GlobalSection(ProjectConfigurationPlatforms) = postSolution
		{FBC18D2F-88CD-4145-92A8-E5A4E3D087D3}.Debug|Any CPU.ActiveCfg = Debug|Any CPU
		{FBC18D2F-88CD-4145-92A8-E5A4E3D087D3}.Debug|Any CPU.Build.0 = Debug|Any CPU
		{FBC18D2F-88CD-4145-92A8-E5A4E3D087D3}.Release|Any CPU.ActiveCfg = Release|Any CPU
		{FBC18D2F-88CD-4145-92A8-E5A4E3D087D3}.Release|Any CPU.Build.0 = Release|Any CPU
	EndGlobalSection
	GlobalSection(SolutionProperties) = preSolution
		HideSolutionNode = FALSE
	EndGlobalSection
	GlobalSection(ExtensibilityGlobals) = postSolution
		SolutionGuid = {0DBAA790-27CD-4046-8475-D20FB864819C}
	EndGlobalSection
EndGlobal
