
Microsoft Visual Studio Solution File, Format Version 12.00
# Visual Studio Version 17
VisualStudioVersion = 17.4.33103.184
MinimumVisualStudioVersion = 10.0.40219.1
Project("{FAE04EC0-301F-11D3-BF4B-00C04F79EFBC}") = "euler4", "euler4.csproj", "{D1BB2956-0369-4968-90C9-9B341DFC9BA2}"
EndProject
Global
	GlobalSection(SolutionConfigurationPlatforms) = preSolution
		Debug|Any CPU = Debug|Any CPU
		Release|Any CPU = Release|Any CPU
	EndGlobalSection
	GlobalSection(ProjectConfigurationPlatforms) = postSolution
		{D1BB2956-0369-4968-90C9-9B341DFC9BA2}.Debug|Any CPU.ActiveCfg = Debug|Any CPU
		{D1BB2956-0369-4968-90C9-9B341DFC9BA2}.Debug|Any CPU.Build.0 = Debug|Any CPU
		{D1BB2956-0369-4968-90C9-9B341DFC9BA2}.Release|Any CPU.ActiveCfg = Release|Any CPU
		{D1BB2956-0369-4968-90C9-9B341DFC9BA2}.Release|Any CPU.Build.0 = Release|Any CPU
	EndGlobalSection
	GlobalSection(SolutionProperties) = preSolution
		HideSolutionNode = FALSE
	EndGlobalSection
	GlobalSection(ExtensibilityGlobals) = postSolution
		SolutionGuid = {F6D765D5-41BE-4AEF-AE71-9B51BA4148E0}
	EndGlobalSection
EndGlobal
